// !$*UTF8*$!
{
	archiveVersion = 1;
	classes = {
	};
	objectVersion = 50;
	objects = {

/* Begin PBXBuildFile section */
		113A78FA249299C8001C859A /* CategoryTableViewController.swift in Sources */ = {isa = PBXBuildFile; fileRef = 113A78F9249299C8001C859A /* CategoryTableViewController.swift */; };
		113A78FC249299EB001C859A /* MenuListCollectionViewController.swift in Sources */ = {isa = PBXBuildFile; fileRef = 113A78FB249299EB001C859A /* MenuListCollectionViewController.swift */; };
		113A78FE24929A08001C859A /* DescriptionDishViewController.swift in Sources */ = {isa = PBXBuildFile; fileRef = 113A78FD24929A08001C859A /* DescriptionDishViewController.swift */; };
		116A65342493D75700E7A9D5 /* CustomTableViewCell.swift in Sources */ = {isa = PBXBuildFile; fileRef = 116A65332493D75700E7A9D5 /* CustomTableViewCell.swift */; };
		D7188C672492FFE0001D81DF /* Cart.swift in Sources */ = {isa = PBXBuildFile; fileRef = D7188C662492FFE0001D81DF /* Cart.swift */; };
		D7188C6924930744001D81DF /* CartViewController.swift in Sources */ = {isa = PBXBuildFile; fileRef = D7188C6824930744001D81DF /* CartViewController.swift */; };
		D7188C6D24939D92001D81DF /* CartStoryboard.storyboard in Resources */ = {isa = PBXBuildFile; fileRef = D7188C6C24939D92001D81DF /* CartStoryboard.storyboard */; };
		D7188C6F2493B681001D81DF /* CartTableViewCell.swift in Sources */ = {isa = PBXBuildFile; fileRef = D7188C6E2493B681001D81DF /* CartTableViewCell.swift */; };
		D7FC957924924418003A3945 /* AppDelegate.swift in Sources */ = {isa = PBXBuildFile; fileRef = D7FC957824924418003A3945 /* AppDelegate.swift */; };
		D7FC957E24924418003A3945 /* Main.storyboard in Resources */ = {isa = PBXBuildFile; fileRef = D7FC957C24924418003A3945 /* Main.storyboard */; };
		D7FC958024924424003A3945 /* Assets.xcassets in Resources */ = {isa = PBXBuildFile; fileRef = D7FC957F24924424003A3945 /* Assets.xcassets */; };
		D7FC958324924424003A3945 /* LaunchScreen.storyboard in Resources */ = {isa = PBXBuildFile; fileRef = D7FC958124924424003A3945 /* LaunchScreen.storyboard */; };
		EEAAA30624926F6C000CD8AC /* DishCategory.swift in Sources */ = {isa = PBXBuildFile; fileRef = EEAAA30524926F6C000CD8AC /* DishCategory.swift */; };
		EEAAA3082492724F000CD8AC /* DishModel.swift in Sources */ = {isa = PBXBuildFile; fileRef = EEAAA3072492724F000CD8AC /* DishModel.swift */; };
		EEAAA30B249272D3000CD8AC /* DataManager.swift in Sources */ = {isa = PBXBuildFile; fileRef = EEAAA30A249272D3000CD8AC /* DataManager.swift */; };
		EEAAA30D2493BEA6000CD8AC /* CollectionDish.storyboard in Resources */ = {isa = PBXBuildFile; fileRef = EEAAA30C2493BEA6000CD8AC /* CollectionDish.storyboard */; };
		EEAAA3132493C48D000CD8AC /* DishCollectionViewCell.swift in Sources */ = {isa = PBXBuildFile; fileRef = EEAAA3122493C48D000CD8AC /* DishCollectionViewCell.swift */; };
/* End PBXBuildFile section */

/* Begin PBXFileReference section */
		113A78F9249299C8001C859A /* CategoryTableViewController.swift */ = {isa = PBXFileReference; lastKnownFileType = sourcecode.swift; path = CategoryTableViewController.swift; sourceTree = "<group>"; };
		113A78FB249299EB001C859A /* MenuListCollectionViewController.swift */ = {isa = PBXFileReference; lastKnownFileType = sourcecode.swift; path = MenuListCollectionViewController.swift; sourceTree = "<group>"; };
		113A78FD24929A08001C859A /* DescriptionDishViewController.swift */ = {isa = PBXFileReference; lastKnownFileType = sourcecode.swift; path = DescriptionDishViewController.swift; sourceTree = "<group>"; };
		116A65332493D75700E7A9D5 /* CustomTableViewCell.swift */ = {isa = PBXFileReference; lastKnownFileType = sourcecode.swift; path = CustomTableViewCell.swift; sourceTree = "<group>"; };
		D7188C662492FFE0001D81DF /* Cart.swift */ = {isa = PBXFileReference; lastKnownFileType = sourcecode.swift; path = Cart.swift; sourceTree = "<group>"; };
		D7188C6824930744001D81DF /* CartViewController.swift */ = {isa = PBXFileReference; lastKnownFileType = sourcecode.swift; path = CartViewController.swift; sourceTree = "<group>"; };
		D7188C6C24939D92001D81DF /* CartStoryboard.storyboard */ = {isa = PBXFileReference; lastKnownFileType = file.storyboard; path = CartStoryboard.storyboard; sourceTree = "<group>"; };
		D7188C6E2493B681001D81DF /* CartTableViewCell.swift */ = {isa = PBXFileReference; lastKnownFileType = sourcecode.swift; path = CartTableViewCell.swift; sourceTree = "<group>"; };
		D7FC957524924418003A3945 /* delivery.app */ = {isa = PBXFileReference; explicitFileType = wrapper.application; includeInIndex = 0; path = delivery.app; sourceTree = BUILT_PRODUCTS_DIR; };
		D7FC957824924418003A3945 /* AppDelegate.swift */ = {isa = PBXFileReference; lastKnownFileType = sourcecode.swift; path = AppDelegate.swift; sourceTree = "<group>"; };
		D7FC957D24924418003A3945 /* Base */ = {isa = PBXFileReference; lastKnownFileType = file.storyboard; name = Base; path = Base.lproj/Main.storyboard; sourceTree = "<group>"; };
		D7FC957F24924424003A3945 /* Assets.xcassets */ = {isa = PBXFileReference; lastKnownFileType = folder.assetcatalog; path = Assets.xcassets; sourceTree = "<group>"; };
		D7FC958224924424003A3945 /* Base */ = {isa = PBXFileReference; lastKnownFileType = file.storyboard; name = Base; path = Base.lproj/LaunchScreen.storyboard; sourceTree = "<group>"; };
		D7FC958424924424003A3945 /* Info.plist */ = {isa = PBXFileReference; lastKnownFileType = text.plist.xml; path = Info.plist; sourceTree = "<group>"; };
		EEAAA30524926F6C000CD8AC /* DishCategory.swift */ = {isa = PBXFileReference; lastKnownFileType = sourcecode.swift; path = DishCategory.swift; sourceTree = "<group>"; };
		EEAAA3072492724F000CD8AC /* DishModel.swift */ = {isa = PBXFileReference; lastKnownFileType = sourcecode.swift; path = DishModel.swift; sourceTree = "<group>"; };
		EEAAA30A249272D3000CD8AC /* DataManager.swift */ = {isa = PBXFileReference; lastKnownFileType = sourcecode.swift; path = DataManager.swift; sourceTree = "<group>"; };
		EEAAA30C2493BEA6000CD8AC /* CollectionDish.storyboard */ = {isa = PBXFileReference; lastKnownFileType = file.storyboard; path = CollectionDish.storyboard; sourceTree = "<group>"; };
		EEAAA3122493C48D000CD8AC /* DishCollectionViewCell.swift */ = {isa = PBXFileReference; lastKnownFileType = sourcecode.swift; path = DishCollectionViewCell.swift; sourceTree = "<group>"; };
/* End PBXFileReference section */

/* Begin PBXFrameworksBuildPhase section */
		D7FC957224924418003A3945 /* Frameworks */ = {
			isa = PBXFrameworksBuildPhase;
			buildActionMask = 2147483647;
			files = (
			);
			runOnlyForDeploymentPostprocessing = 0;
		};
/* End PBXFrameworksBuildPhase section */

/* Begin PBXGroup section */
		113A78FF24929A14001C859A /* ViewControllers */ = {
			isa = PBXGroup;
			children = (
				D7188C6E2493B681001D81DF /* CartTableViewCell.swift */,
				D7188C6824930744001D81DF /* CartViewController.swift */,
				113A78F9249299C8001C859A /* CategoryTableViewController.swift */,
				116A65332493D75700E7A9D5 /* CustomTableViewCell.swift */,
				EEAAA3122493C48D000CD8AC /* DishCollectionViewCell.swift */,
				113A78FB249299EB001C859A /* MenuListCollectionViewController.swift */,
				113A78FD24929A08001C859A /* DescriptionDishViewController.swift */,
			);
			path = ViewControllers;
			sourceTree = "<group>";
		};
		D7FC956C24924418003A3945 = {
			isa = PBXGroup;
			children = (
				D7FC957724924418003A3945 /* delivery */,
				D7FC957624924418003A3945 /* Products */,
			);
			sourceTree = "<group>";
		};
		D7FC957624924418003A3945 /* Products */ = {
			isa = PBXGroup;
			children = (
				D7FC957524924418003A3945 /* delivery.app */,
			);
			name = Products;
			sourceTree = "<group>";
		};
		D7FC957724924418003A3945 /* delivery */ = {
			isa = PBXGroup;
			children = (
				D7FC958A24924464003A3945 /* SupportingFiles */,
				D7FC958124924424003A3945 /* LaunchScreen.storyboard */,
				D7FC957F24924424003A3945 /* Assets.xcassets */,
				EEAAA31624951A19000CD8AC /* StoryBoards */,
				EEAAA309249272B8000CD8AC /* Models */,
				113A78FF24929A14001C859A /* ViewControllers */,
			);
			path = delivery;
			sourceTree = "<group>";
		};
		D7FC958A24924464003A3945 /* SupportingFiles */ = {
			isa = PBXGroup;
			children = (
				D7FC957824924418003A3945 /* AppDelegate.swift */,
				D7FC958424924424003A3945 /* Info.plist */,
			);
			path = SupportingFiles;
			sourceTree = "<group>";
		};
		EEAAA309249272B8000CD8AC /* Models */ = {
			isa = PBXGroup;
			children = (
				EEAAA30524926F6C000CD8AC /* DishCategory.swift */,
				EEAAA30A249272D3000CD8AC /* DataManager.swift */,
				EEAAA3072492724F000CD8AC /* DishModel.swift */,
				D7188C662492FFE0001D81DF /* Cart.swift */,
			);
			name = Models;
			path = SupportingFiles/Models;
			sourceTree = "<group>";
		};
		EEAAA31624951A19000CD8AC /* StoryBoards */ = {
			isa = PBXGroup;
			children = (
				D7FC957C24924418003A3945 /* Main.storyboard */,
				EEAAA30C2493BEA6000CD8AC /* CollectionDish.storyboard */,
				D7188C6C24939D92001D81DF /* CartStoryboard.storyboard */,
			);
			path = StoryBoards;
			sourceTree = "<group>";
		};
/* End PBXGroup section */

/* Begin PBXNativeTarget section */
		D7FC957424924418003A3945 /* delivery */ = {
			isa = PBXNativeTarget;
			buildConfigurationList = D7FC958724924424003A3945 /* Build configuration list for PBXNativeTarget "delivery" */;
			buildPhases = (
				D7FC957124924418003A3945 /* Sources */,
				D7FC957224924418003A3945 /* Frameworks */,
				D7FC957324924418003A3945 /* Resources */,
			);
			buildRules = (
			);
			dependencies = (
			);
			name = delivery;
			productName = delivery;
			productReference = D7FC957524924418003A3945 /* delivery.app */;
			productType = "com.apple.product-type.application";
		};
/* End PBXNativeTarget section */

/* Begin PBXProject section */
		D7FC956D24924418003A3945 /* Project object */ = {
			isa = PBXProject;
			attributes = {
				LastSwiftUpdateCheck = 1030;
				LastUpgradeCheck = 1030;
				ORGANIZATIONNAME = AntonBu;
				TargetAttributes = {
					D7FC957424924418003A3945 = {
						CreatedOnToolsVersion = 10.3;
					};
				};
			};
			buildConfigurationList = D7FC957024924418003A3945 /* Build configuration list for PBXProject "delivery" */;
			compatibilityVersion = "Xcode 9.3";
			developmentRegion = en;
			hasScannedForEncodings = 0;
			knownRegions = (
				en,
				Base,
			);
			mainGroup = D7FC956C24924418003A3945;
			productRefGroup = D7FC957624924418003A3945 /* Products */;
			projectDirPath = "";
			projectRoot = "";
			targets = (
				D7FC957424924418003A3945 /* delivery */,
			);
		};
/* End PBXProject section */

/* Begin PBXResourcesBuildPhase section */
		D7FC957324924418003A3945 /* Resources */ = {
			isa = PBXResourcesBuildPhase;
			buildActionMask = 2147483647;
			files = (
				D7FC958324924424003A3945 /* LaunchScreen.storyboard in Resources */,
				D7FC958024924424003A3945 /* Assets.xcassets in Resources */,
				D7FC957E24924418003A3945 /* Main.storyboard in Resources */,
				EEAAA30D2493BEA6000CD8AC /* CollectionDish.storyboard in Resources */,
				D7188C6D24939D92001D81DF /* CartStoryboard.storyboard in Resources */,
			);
			runOnlyForDeploymentPostprocessing = 0;
		};
/* End PBXResourcesBuildPhase section */

/* Begin PBXSourcesBuildPhase section */
		D7FC957124924418003A3945 /* Sources */ = {
			isa = PBXSourcesBuildPhase;
			buildActionMask = 2147483647;
			files = (
				113A78FE24929A08001C859A /* DescriptionDishViewController.swift in Sources */,
				D7188C672492FFE0001D81DF /* Cart.swift in Sources */,
				116A65342493D75700E7A9D5 /* CustomTableViewCell.swift in Sources */,
				D7188C6924930744001D81DF /* CartViewController.swift in Sources */,
				EEAAA30B249272D3000CD8AC /* DataManager.swift in Sources */,
				EEAAA30624926F6C000CD8AC /* DishCategory.swift in Sources */,
				113A78FC249299EB001C859A /* MenuListCollectionViewController.swift in Sources */,
				D7FC957924924418003A3945 /* AppDelegate.swift in Sources */,
				D7188C6F2493B681001D81DF /* CartTableViewCell.swift in Sources */,
				EEAAA3082492724F000CD8AC /* DishModel.swift in Sources */,
				EEAAA3132493C48D000CD8AC /* DishCollectionViewCell.swift in Sources */,
				113A78FA249299C8001C859A /* CategoryTableViewController.swift in Sources */,
			);
			runOnlyForDeploymentPostprocessing = 0;
		};
/* End PBXSourcesBuildPhase section */

/* Begin PBXVariantGroup section */
		D7FC957C24924418003A3945 /* Main.storyboard */ = {
			isa = PBXVariantGroup;
			children = (
				D7FC957D24924418003A3945 /* Base */,
			);
			name = Main.storyboard;
			sourceTree = "<group>";
		};
		D7FC958124924424003A3945 /* LaunchScreen.storyboard */ = {
			isa = PBXVariantGroup;
			children = (
				D7FC958224924424003A3945 /* Base */,
			);
			name = LaunchScreen.storyboard;
			sourceTree = "<group>";
		};
/* End PBXVariantGroup section */

/* Begin XCBuildConfiguration section */
		D7FC958524924424003A3945 /* Debug */ = {
			isa = XCBuildConfiguration;
			buildSettings = {
				ALWAYS_SEARCH_USER_PATHS = NO;
				CLANG_ANALYZER_NONNULL = YES;
				CLANG_ANALYZER_NUMBER_OBJECT_CONVERSION = YES_AGGRESSIVE;
				CLANG_CXX_LANGUAGE_STANDARD = "gnu++14";
				CLANG_CXX_LIBRARY = "libc++";
				CLANG_ENABLE_MODULES = YES;
				CLANG_ENABLE_OBJC_ARC = YES;
				CLANG_ENABLE_OBJC_WEAK = YES;
				CLANG_WARN_BLOCK_CAPTURE_AUTORELEASING = YES;
				CLANG_WARN_BOOL_CONVERSION = YES;
				CLANG_WARN_COMMA = YES;
				CLANG_WARN_CONSTANT_CONVERSION = YES;
				CLANG_WARN_DEPRECATED_OBJC_IMPLEMENTATIONS = YES;
				CLANG_WARN_DIRECT_OBJC_ISA_USAGE = YES_ERROR;
				CLANG_WARN_DOCUMENTATION_COMMENTS = YES;
				CLANG_WARN_EMPTY_BODY = YES;
				CLANG_WARN_ENUM_CONVERSION = YES;
				CLANG_WARN_INFINITE_RECURSION = YES;
				CLANG_WARN_INT_CONVERSION = YES;
				CLANG_WARN_NON_LITERAL_NULL_CONVERSION = YES;
				CLANG_WARN_OBJC_IMPLICIT_RETAIN_SELF = YES;
				CLANG_WARN_OBJC_LITERAL_CONVERSION = YES;
				CLANG_WARN_OBJC_ROOT_CLASS = YES_ERROR;
				CLANG_WARN_RANGE_LOOP_ANALYSIS = YES;
				CLANG_WARN_STRICT_PROTOTYPES = YES;
				CLANG_WARN_SUSPICIOUS_MOVE = YES;
				CLANG_WARN_UNGUARDED_AVAILABILITY = YES_AGGRESSIVE;
				CLANG_WARN_UNREACHABLE_CODE = YES;
				CLANG_WARN__DUPLICATE_METHOD_MATCH = YES;
				CODE_SIGN_IDENTITY = "iPhone Developer";
				COPY_PHASE_STRIP = NO;
				DEBUG_INFORMATION_FORMAT = dwarf;
				ENABLE_STRICT_OBJC_MSGSEND = YES;
				ENABLE_TESTABILITY = YES;
				GCC_C_LANGUAGE_STANDARD = gnu11;
				GCC_DYNAMIC_NO_PIC = NO;
				GCC_NO_COMMON_BLOCKS = YES;
				GCC_OPTIMIZATION_LEVEL = 0;
				GCC_PREPROCESSOR_DEFINITIONS = (
					"DEBUG=1",
					"$(inherited)",
				);
				GCC_WARN_64_TO_32_BIT_CONVERSION = YES;
				GCC_WARN_ABOUT_RETURN_TYPE = YES_ERROR;
				GCC_WARN_UNDECLARED_SELECTOR = YES;
				GCC_WARN_UNINITIALIZED_AUTOS = YES_AGGRESSIVE;
				GCC_WARN_UNUSED_FUNCTION = YES;
				GCC_WARN_UNUSED_VARIABLE = YES;
				IPHONEOS_DEPLOYMENT_TARGET = 12.4;
				MTL_ENABLE_DEBUG_INFO = INCLUDE_SOURCE;
				MTL_FAST_MATH = YES;
				ONLY_ACTIVE_ARCH = YES;
				SDKROOT = iphoneos;
				SWIFT_ACTIVE_COMPILATION_CONDITIONS = DEBUG;
				SWIFT_OPTIMIZATION_LEVEL = "-Onone";
			};
			name = Debug;
		};
		D7FC958624924424003A3945 /* Release */ = {
			isa = XCBuildConfiguration;
			buildSettings = {
				ALWAYS_SEARCH_USER_PATHS = NO;
				CLANG_ANALYZER_NONNULL = YES;
				CLANG_ANALYZER_NUMBER_OBJECT_CONVERSION = YES_AGGRESSIVE;
				CLANG_CXX_LANGUAGE_STANDARD = "gnu++14";
				CLANG_CXX_LIBRARY = "libc++";
				CLANG_ENABLE_MODULES = YES;
				CLANG_ENABLE_OBJC_ARC = YES;
				CLANG_ENABLE_OBJC_WEAK = YES;
				CLANG_WARN_BLOCK_CAPTURE_AUTORELEASING = YES;
				CLANG_WARN_BOOL_CONVERSION = YES;
				CLANG_WARN_COMMA = YES;
				CLANG_WARN_CONSTANT_CONVERSION = YES;
				CLANG_WARN_DEPRECATED_OBJC_IMPLEMENTATIONS = YES;
				CLANG_WARN_DIRECT_OBJC_ISA_USAGE = YES_ERROR;
				CLANG_WARN_DOCUMENTATION_COMMENTS = YES;
				CLANG_WARN_EMPTY_BODY = YES;
				CLANG_WARN_ENUM_CONVERSION = YES;
				CLANG_WARN_INFINITE_RECURSION = YES;
				CLANG_WARN_INT_CONVERSION = YES;
				CLANG_WARN_NON_LITERAL_NULL_CONVERSION = YES;
				CLANG_WARN_OBJC_IMPLICIT_RETAIN_SELF = YES;
				CLANG_WARN_OBJC_LITERAL_CONVERSION = YES;
				CLANG_WARN_OBJC_ROOT_CLASS = YES_ERROR;
				CLANG_WARN_RANGE_LOOP_ANALYSIS = YES;
				CLANG_WARN_STRICT_PROTOTYPES = YES;
				CLANG_WARN_SUSPICIOUS_MOVE = YES;
				CLANG_WARN_UNGUARDED_AVAILABILITY = YES_AGGRESSIVE;
				CLANG_WARN_UNREACHABLE_CODE = YES;
				CLANG_WARN__DUPLICATE_METHOD_MATCH = YES;
				CODE_SIGN_IDENTITY = "iPhone Developer";
				COPY_PHASE_STRIP = NO;
				DEBUG_INFORMATION_FORMAT = "dwarf-with-dsym";
				ENABLE_NS_ASSERTIONS = NO;
				ENABLE_STRICT_OBJC_MSGSEND = YES;
				GCC_C_LANGUAGE_STANDARD = gnu11;
				GCC_NO_COMMON_BLOCKS = YES;
				GCC_WARN_64_TO_32_BIT_CONVERSION = YES;
				GCC_WARN_ABOUT_RETURN_TYPE = YES_ERROR;
				GCC_WARN_UNDECLARED_SELECTOR = YES;
				GCC_WARN_UNINITIALIZED_AUTOS = YES_AGGRESSIVE;
				GCC_WARN_UNUSED_FUNCTION = YES;
				GCC_WARN_UNUSED_VARIABLE = YES;
				IPHONEOS_DEPLOYMENT_TARGET = 12.4;
				MTL_ENABLE_DEBUG_INFO = NO;
				MTL_FAST_MATH = YES;
				SDKROOT = iphoneos;
				SWIFT_COMPILATION_MODE = wholemodule;
				SWIFT_OPTIMIZATION_LEVEL = "-O";
				VALIDATE_PRODUCT = YES;
			};
			name = Release;
		};
		D7FC958824924424003A3945 /* Debug */ = {
			isa = XCBuildConfiguration;
			buildSettings = {
				ASSETCATALOG_COMPILER_APPICON_NAME = AppIcon;
				CODE_SIGN_STYLE = Automatic;
				DEVELOPMENT_TEAM = 69AHWRAW3D;
				INFOPLIST_FILE = delivery/SupportingFiles/Info.plist;
				LD_RUNPATH_SEARCH_PATHS = (
					"$(inherited)",
					"@executable_path/Frameworks",
				);
				PRODUCT_BUNDLE_IDENTIFIER = ru.antonBu.delivery;
				PRODUCT_NAME = "$(TARGET_NAME)";
				SWIFT_VERSION = 5.0;
				TARGETED_DEVICE_FAMILY = "1,2";
			};
			name = Debug;
		};
		D7FC958924924424003A3945 /* Release */ = {
			isa = XCBuildConfiguration;
			buildSettings = {
				ASSETCATALOG_COMPILER_APPICON_NAME = AppIcon;
				CODE_SIGN_STYLE = Automatic;
				DEVELOPMENT_TEAM = 69AHWRAW3D;
				INFOPLIST_FILE = delivery/SupportingFiles/Info.plist;
				LD_RUNPATH_SEARCH_PATHS = (
					"$(inherited)",
					"@executable_path/Frameworks",
				);
				PRODUCT_BUNDLE_IDENTIFIER = ru.antonBu.delivery;
				PRODUCT_NAME = "$(TARGET_NAME)";
				SWIFT_VERSION = 5.0;
				TARGETED_DEVICE_FAMILY = "1,2";
			};
			name = Release;
		};
/* End XCBuildConfiguration section */

/* Begin XCConfigurationList section */
		D7FC957024924418003A3945 /* Build configuration list for PBXProject "delivery" */ = {
			isa = XCConfigurationList;
			buildConfigurations = (
				D7FC958524924424003A3945 /* Debug */,
				D7FC958624924424003A3945 /* Release */,
			);
			defaultConfigurationIsVisible = 0;
			defaultConfigurationName = Release;
		};
		D7FC958724924424003A3945 /* Build configuration list for PBXNativeTarget "delivery" */ = {
			isa = XCConfigurationList;
			buildConfigurations = (
				D7FC958824924424003A3945 /* Debug */,
				D7FC958924924424003A3945 /* Release */,
			);
			defaultConfigurationIsVisible = 0;
			defaultConfigurationName = Release;
		};
/* End XCConfigurationList section */
	};
	rootObject = D7FC956D24924418003A3945 /* Project object */;
}
